# EDM AUTO - Site V8 clean

Site Vite + React pour préparer un RDV EDM AUTO.

## Fichiers importants

- `index.html` : fichier HTML uniquement
- `src/index.css` : fichier CSS uniquement
- `src/App.jsx` : application React
- `api/vehicle.js` : scan plaque via API côté serveur Vercel
- `api/estimate.js` : estimation IA avec fallback local

## Vercel

Framework: Vite
Install command: npm install
Build command: npm run build
Output directory: dist

## Variables d'environnement optionnelles

PLATE_API_TOKEN
PLATE_API_COUNTRY=FR
OPENAI_API_KEY
OPENAI_MODEL=gpt-4.1-mini
